
Microsoft Visual Studio Solution File, Format Version 12.00
# Visual Studio Version 17
VisualStudioVersion = 17.14.36518.9 d17.14
MinimumVisualStudioVersion = 10.0.40219.1
Project("{FAE04EC0-301F-11D3-BF4B-00C04F79EFBC}") = "VehicleMgmtConsole", "VehicleMgmtConsole\VehicleMgmtConsole.csproj", "{DE2F4762-9F5A-4691-989E-19D8696FF76B}"
EndProject
Global
	GlobalSection(SolutionConfigurationPlatforms) = preSolution
		Debug|Any CPU = Debug|Any CPU
		Release|Any CPU = Release|Any CPU
	EndGlobalSection
	GlobalSection(ProjectConfigurationPlatforms) = postSolution
		{DE2F4762-9F5A-4691-989E-19D8696FF76B}.Debug|Any CPU.ActiveCfg = Debug|Any CPU
		{DE2F4762-9F5A-4691-989E-19D8696FF76B}.Debug|Any CPU.Build.0 = Debug|Any CPU
		{DE2F4762-9F5A-4691-989E-19D8696FF76B}.Release|Any CPU.ActiveCfg = Release|Any CPU
		{DE2F4762-9F5A-4691-989E-19D8696FF76B}.Release|Any CPU.Build.0 = Release|Any CPU
	EndGlobalSection
	GlobalSection(SolutionProperties) = preSolution
		HideSolutionNode = FALSE
	EndGlobalSection
	GlobalSection(ExtensibilityGlobals) = postSolution
		SolutionGuid = {351EB189-8547-4ADC-A54C-614943713568}
	EndGlobalSection
EndGlobal
